
Microsoft Visual Studio Solution File, Format Version 12.00
# Visual Studio Version 16
VisualStudioVersion = 16.0.30907.101
MinimumVisualStudioVersion = 10.0.40219.1
Project("{FAE04EC0-301F-11D3-BF4B-00C04F79EFBC}") = "PostService", "PostService\PostService.csproj", "{F2EC1E14-B488-452B-A0BB-B435DBD0BF70}"
EndProject
Project("{FAE04EC0-301F-11D3-BF4B-00C04F79EFBC}") = "XUnitTestPostService", "XUnitTestPostService\XUnitTestPostService.csproj", "{6DBFD717-2940-49F3-918C-49D6265B7C05}"
EndProject
Global
	GlobalSection(SolutionConfigurationPlatforms) = preSolution
		Debug|Any CPU = Debug|Any CPU
		Release|Any CPU = Release|Any CPU
	EndGlobalSection
	GlobalSection(ProjectConfigurationPlatforms) = postSolution
		{F2EC1E14-B488-452B-A0BB-B435DBD0BF70}.Debug|Any CPU.ActiveCfg = Debug|Any CPU
		{F2EC1E14-B488-452B-A0BB-B435DBD0BF70}.Debug|Any CPU.Build.0 = Debug|Any CPU
		{F2EC1E14-B488-452B-A0BB-B435DBD0BF70}.Release|Any CPU.ActiveCfg = Release|Any CPU
		{F2EC1E14-B488-452B-A0BB-B435DBD0BF70}.Release|Any CPU.Build.0 = Release|Any CPU
		{6DBFD717-2940-49F3-918C-49D6265B7C05}.Debug|Any CPU.ActiveCfg = Debug|Any CPU
		{6DBFD717-2940-49F3-918C-49D6265B7C05}.Debug|Any CPU.Build.0 = Debug|Any CPU
		{6DBFD717-2940-49F3-918C-49D6265B7C05}.Release|Any CPU.ActiveCfg = Release|Any CPU
		{6DBFD717-2940-49F3-918C-49D6265B7C05}.Release|Any CPU.Build.0 = Release|Any CPU
	EndGlobalSection
	GlobalSection(SolutionProperties) = preSolution
		HideSolutionNode = FALSE
	EndGlobalSection
	GlobalSection(ExtensibilityGlobals) = postSolution
		SolutionGuid = {B585F1CD-177D-4D89-8026-396E5A606F98}
	EndGlobalSection
EndGlobal
